<?xml version="1.0" encoding="utf-8"?>
<Project ToolsVersion="4.0" xmlns="http://schemas.microsoft.com/developer/msbuild/2003">
  <ItemGroup>
    <ClCompile Include="pcl_utils.cpp">
      <Filter>MARIO_Engine\others</Filter>
    </ClCompile>
    <ClCompile Include="Timer.cpp">
      <Filter>MARIO_Engine\Timer</Filter>
    </ClCompile>
    <ClCompile Include="Experiment101.cpp">
      <Filter>Program\Issei_Grad_thesis</Filter>
    </ClCompile>
    <ClCompile Include="Experiment001.cpp">
      <Filter>Program\Issei_Grad_thesis</Filter>
    </ClCompile>
    <ClCompile Include="Experiment002.cpp">
      <Filter>Program\Issei_Grad_thesis</Filter>
    </ClCompile>
    <ClCompile Include="Experiment003.cpp">
      <Filter>Program\Issei_Grad_thesis</Filter>
    </ClCompile>
    <ClCompile Include="Experiment1001.cpp">
      <Filter>Program\Issei_Grad_thesis</Filter>
    </ClCompile>
    <ClCompile Include="Experiment1002.cpp">
      <Filter>Program\Issei_Grad_thesis</Filter>
    </ClCompile>
    <ClCompile Include="ExperimentData.cpp">
      <Filter>Program\Issei_Grad_thesis</Filter>
    </ClCompile>
    <ClCompile Include="FileIO.cpp">
      <Filter>MARIO_Engine\FileIO</Filter>
    </ClCompile>
    <ClCompile Include="issei_grad_main.cpp">
      <Filter>Program\Issei_Grad_thesis</Filter>
    </ClCompile>
    <ClCompile Include="Display.cpp">
      <Filter>MARIO_Engine\Display</Filter>
    </ClCompile>
    <ClCompile Include="WinRS.cpp">
      <Filter>MARIO_Engine\Display</Filter>
    </ClCompile>
    <ClCompile Include="MeasureBasement.cpp">
      <Filter>MARIO_Engine\Measure</Filter>
    </ClCompile>
    <ClCompile Include="PointCapture.cpp">
      <Filter>MARIO_Engine\Measure</Filter>
    </ClCompile>
    <ClCompile Include="RedClusterDetecter.cpp">
      <Filter>MARIO_Engine\Measure</Filter>
    </ClCompile>
    <ClCompile Include="stdafx.cpp">
      <Filter>Others</Filter>
    </ClCompile>
    <ClCompile Include="utils.cpp">
      <Filter>Others</Filter>
    </ClCompile>
    <ClCompile Include="main.cpp">
      <Filter>MARIO_Engine\MarioMain</Filter>
    </ClCompile>
    <ClCompile Include="Font.cpp">
      <Filter>MARIO_Engine\DrawLibWrapper</Filter>
    </ClCompile>
    <ClCompile Include="Surface.cpp">
      <Filter>MARIO_Engine\DrawLibWrapper</Filter>
    </ClCompile>
    <ClCompile Include="LibBase.cpp">
      <Filter>MARIO_Engine\DrawLibWrapper</Filter>
    </ClCompile>
    <ClCompile Include="Window.cpp">
      <Filter>MARIO_Engine\DrawLibWrapper</Filter>
    </ClCompile>
    <ClCompile Include="DisplayDrawer.cpp">
      <Filter>Program\Issei_Grad_thesis</Filter>
    </ClCompile>
    <ClCompile Include="Eventer.cpp">
      <Filter>MARIO_Engine\DrawLibWrapper</Filter>
    </ClCompile>
  </ItemGroup>
  <ItemGroup>
    <ClInclude Include="pcl_utils.h">
      <Filter>MARIO_Engine\others</Filter>
    </ClInclude>
    <ClInclude Include="Timer.h">
      <Filter>MARIO_Engine\Timer</Filter>
    </ClInclude>
    <ClInclude Include="Coordinate.h">
      <Filter>MARIO_Engine\Coordinate</Filter>
    </ClInclude>
    <ClInclude Include="Experiment.h">
      <Filter>Program\Issei_Grad_thesis</Filter>
    </ClInclude>
    <ClInclude Include="ExperimentData.h">
      <Filter>Program\Issei_Grad_thesis</Filter>
    </ClInclude>
    <ClInclude Include="FileIO.h">
      <Filter>MARIO_Engine\FileIO</Filter>
    </ClInclude>
    <ClInclude Include="SerializableData.h">
      <Filter>Program\Issei_Grad_thesis</Filter>
    </ClInclude>
    <ClInclude Include="Display.h">
      <Filter>MARIO_Engine\Display</Filter>
    </ClInclude>
    <ClInclude Include="ifLine.h">
      <Filter>MARIO_Engine\Display</Filter>
    </ClInclude>
    <ClInclude Include="WinRS.h">
      <Filter>MARIO_Engine\Display</Filter>
    </ClInclude>
    <ClInclude Include="RedClusterDetecter.h">
      <Filter>MARIO_Engine\Measure</Filter>
    </ClInclude>
    <ClInclude Include="MeasureBasement.h">
      <Filter>MARIO_Engine\Measure</Filter>
    </ClInclude>
    <ClInclude Include="PointCapture.h">
      <Filter>MARIO_Engine\Measure</Filter>
    </ClInclude>
    <ClInclude Include="defines.h">
      <Filter>Others</Filter>
    </ClInclude>
    <ClInclude Include="stdafx.h">
      <Filter>Others</Filter>
    </ClInclude>
    <ClInclude Include="utils.h">
      <Filter>Others</Filter>
    </ClInclude>
    <ClInclude Include="targetver.h">
      <Filter>Others</Filter>
    </ClInclude>
    <ClInclude Include="Font.h">
      <Filter>MARIO_Engine\DrawLibWrapper</Filter>
    </ClInclude>
    <ClInclude Include="Surface.h">
      <Filter>MARIO_Engine\DrawLibWrapper</Filter>
    </ClInclude>
    <ClInclude Include="LibBase.h">
      <Filter>MARIO_Engine\DrawLibWrapper</Filter>
    </ClInclude>
    <ClInclude Include="Shared.h">
      <Filter>Others</Filter>
    </ClInclude>
    <ClInclude Include="Window.h">
      <Filter>MARIO_Engine\DrawLibWrapper</Filter>
    </ClInclude>
    <ClInclude Include="DisplayDrawer.h">
      <Filter>Program\Issei_Grad_thesis</Filter>
    </ClInclude>
    <ClInclude Include="Eventer.h">
      <Filter>MARIO_Engine\DrawLibWrapper</Filter>
    </ClInclude>
    <ClInclude Include="KeyTypes.h">
      <Filter>MARIO_Engine\DrawLibWrapper</Filter>
    </ClInclude>
    <ClInclude Include="Displayed.h">
      <Filter>MARIO_Engine\DrawLibWrapper</Filter>
    </ClInclude>
  </ItemGroup>
  <ItemGroup>
    <Filter Include="Program">
      <UniqueIdentifier>{b9c61441-4ad9-4e94-92bc-5345869863f6}</UniqueIdentifier>
    </Filter>
    <Filter Include="MARIO_Engine">
      <UniqueIdentifier>{62fbf6d9-24b5-4a31-9821-288c0ff803d7}</UniqueIdentifier>
    </Filter>
    <Filter Include="MARIO_Engine\Coordinate">
      <UniqueIdentifier>{0cda7b52-af35-4dac-accf-8c3ba1924776}</UniqueIdentifier>
    </Filter>
    <Filter Include="MARIO_Engine\others">
      <UniqueIdentifier>{a821fc87-d5cc-4818-ba25-d0a04981aacc}</UniqueIdentifier>
    </Filter>
    <Filter Include="Program\Issei_Grad_thesis">
      <UniqueIdentifier>{a448e68b-7f2e-41ce-9a1c-c811d7f7baa8}</UniqueIdentifier>
    </Filter>
    <Filter Include="MARIO_Engine\FileIO">
      <UniqueIdentifier>{cb3a3e9b-7ac5-4d40-b809-b5725138f5d6}</UniqueIdentifier>
    </Filter>
    <Filter Include="MARIO_Engine\Timer">
      <UniqueIdentifier>{523524d8-f0db-4a30-86a9-fb3a34254a9b}</UniqueIdentifier>
    </Filter>
    <Filter Include="MARIO_Engine\MarioMain">
      <UniqueIdentifier>{db50c03f-3156-479c-a77f-541af8c6fb1a}</UniqueIdentifier>
    </Filter>
    <Filter Include="MARIO_Engine\Display">
      <UniqueIdentifier>{2ae9a9d8-8636-47c0-b5cf-7da6c7dfd131}</UniqueIdentifier>
    </Filter>
    <Filter Include="MARIO_Engine\Measure">
      <UniqueIdentifier>{90b260a3-209b-4863-8c67-2d52a8d6cf9c}</UniqueIdentifier>
    </Filter>
    <Filter Include="Others">
      <UniqueIdentifier>{0f8f2965-d65a-43f4-aaff-dea32f60322a}</UniqueIdentifier>
    </Filter>
    <Filter Include="MARIO_Engine\DrawLibWrapper">
      <UniqueIdentifier>{e82e5ffb-8513-4ec2-8c70-d1d2fb1aa4c6}</UniqueIdentifier>
    </Filter>
  </ItemGroup>
</Project>