<?xml version="1.0" encoding="utf-8"?>
<Project ToolsVersion="4.0" xmlns="http://schemas.microsoft.com/developer/msbuild/2003">
  <ItemGroup>
    <ClCompile Include="grabber_main.cpp" />
    <ClCompile Include="stdafx.cpp" />
    <ClCompile Include="voxel_grid_main.cpp" />
    <ClCompile Include="main.cpp">
      <Filter>main</Filter>
    </ClCompile>
    <ClCompile Include="visual_main.cpp" />
    <ClCompile Include="openni_viewer_main.cpp" />
    <ClCompile Include="pcl_utils.cpp" />
  </ItemGroup>
  <ItemGroup>
    <ClInclude Include="stdafx.h" />
    <ClInclude Include="targetver.h" />
    <ClInclude Include="main.h">
      <Filter>main</Filter>
    </ClInclude>
    <ClInclude Include="defines.h" />
    <ClInclude Include="pcl_utils.h" />
  </ItemGroup>
  <ItemGroup>
    <Filter Include="main">
      <UniqueIdentifier>{db50c03f-3156-479c-a77f-541af8c6fb1a}</UniqueIdentifier>
    </Filter>
  </ItemGroup>
</Project>